
Microsoft Visual Studio Solution File, Format Version 12.00
# Visual Studio Version 17
VisualStudioVersion = 17.10.34707.107
MinimumVisualStudioVersion = 10.0.40219.1
Project("{FAE04EC0-301F-11D3-BF4B-00C04F79EFBC}") = "BlazorWebAssm.QRGenerator", "BlazorWebAssm.QRGenerator\BlazorWebAssm.QRGenerator.csproj", "{A911F120-1D31-4F41-9065-30A1581FA107}"
EndProject
Global
	GlobalSection(SolutionConfigurationPlatforms) = preSolution
		Debug|Any CPU = Debug|Any CPU
		Release|Any CPU = Release|Any CPU
	EndGlobalSection
	GlobalSection(ProjectConfigurationPlatforms) = postSolution
		{A911F120-1D31-4F41-9065-30A1581FA107}.Debug|Any CPU.ActiveCfg = Debug|Any CPU
		{A911F120-1D31-4F41-9065-30A1581FA107}.Debug|Any CPU.Build.0 = Debug|Any CPU
		{A911F120-1D31-4F41-9065-30A1581FA107}.Release|Any CPU.ActiveCfg = Release|Any CPU
		{A911F120-1D31-4F41-9065-30A1581FA107}.Release|Any CPU.Build.0 = Release|Any CPU
	EndGlobalSection
	GlobalSection(SolutionProperties) = preSolution
		HideSolutionNode = FALSE
	EndGlobalSection
	GlobalSection(ExtensibilityGlobals) = postSolution
		SolutionGuid = {3EFA55F3-0A38-40AA-8435-03BB2249DC41}
	EndGlobalSection
EndGlobal
